
Microsoft Visual Studio Solution File, Format Version 12.00
# Visual Studio Version 16
VisualStudioVersion = 16.0.30611.23
MinimumVisualStudioVersion = 10.0.40219.1
Project("{FAE04EC0-301F-11D3-BF4B-00C04F79EFBC}") = "playgenshin", "playgenshin\playgenshin.csproj", "{99C68FEA-DF25-436D-A408-BC0EA9CE1433}"
EndProject
Global
	GlobalSection(SolutionConfigurationPlatforms) = preSolution
		Debug|Any CPU = Debug|Any CPU
		Release|Any CPU = Release|Any CPU
	EndGlobalSection
	GlobalSection(ProjectConfigurationPlatforms) = postSolution
		{99C68FEA-DF25-436D-A408-BC0EA9CE1433}.Debug|Any CPU.ActiveCfg = Debug|Any CPU
		{99C68FEA-DF25-436D-A408-BC0EA9CE1433}.Debug|Any CPU.Build.0 = Debug|Any CPU
		{99C68FEA-DF25-436D-A408-BC0EA9CE1433}.Release|Any CPU.ActiveCfg = Release|Any CPU
		{99C68FEA-DF25-436D-A408-BC0EA9CE1433}.Release|Any CPU.Build.0 = Release|Any CPU
	EndGlobalSection
	GlobalSection(SolutionProperties) = preSolution
		HideSolutionNode = FALSE
	EndGlobalSection
	GlobalSection(ExtensibilityGlobals) = postSolution
		SolutionGuid = {A032B1E0-79EF-4954-AEA5-B7243940AC84}
	EndGlobalSection
EndGlobal
